// !$*UTF8*$!
{
	archiveVersion = 1;
	classes = {
	};
	objectVersion = 55;
	objects = {

/* Begin PBXBuildFile section */
		E177F13EE7B1C70A56D4539F /* Pods_GMPExample.framework in Frameworks */ = {isa = PBXBuildFile; fileRef = 0A64BC36B7EF51A1668F8F1B /* Pods_GMPExample.framework */; };
		E2E1BBA427F4391F003F0B5A /* GMPExample.h in CopyFiles */ = {isa = PBXBuildFile; fileRef = E2E1BBA127F4391F003F0B5A /* GMPExample.h */; };
		E2E1BBAB27F43F52003F0B5A /* GMPExample.mm in Sources */ = {isa = PBXBuildFile; fileRef = E2E1BBAA27F43F52003F0B5A /* GMPExample.mm */; };
/* End PBXBuildFile section */

/* Begin PBXCopyFilesBuildPhase section */
		E2E1BB9C27F4391F003F0B5A /* CopyFiles */ = {
			isa = PBXCopyFilesBuildPhase;
			buildActionMask = 2147483647;
			dstPath = "include/$(PRODUCT_NAME)";
			dstSubfolderSpec = 16;
			files = (
				E2E1BBA427F4391F003F0B5A /* GMPExample.h in CopyFiles */,
			);
			runOnlyForDeploymentPostprocessing = 0;
		};
/* End PBXCopyFilesBuildPhase section */

/* Begin PBXFileReference section */
		0A64BC36B7EF51A1668F8F1B /* Pods_GMPExample.framework */ = {isa = PBXFileReference; explicitFileType = wrapper.framework; includeInIndex = 0; path = Pods_GMPExample.framework; sourceTree = BUILT_PRODUCTS_DIR; };
		1847B165F8CF484B40D450AF /* Pods-GMPExample.release.xcconfig */ = {isa = PBXFileReference; includeInIndex = 1; lastKnownFileType = text.xcconfig; name = "Pods-GMPExample.release.xcconfig"; path = "Target Support Files/Pods-GMPExample/Pods-GMPExample.release.xcconfig"; sourceTree = "<group>"; };
		6DACE0AE1C271DBFE84FDAA1 /* Pods-GMPExample.debug.xcconfig */ = {isa = PBXFileReference; includeInIndex = 1; lastKnownFileType = text.xcconfig; name = "Pods-GMPExample.debug.xcconfig"; path = "Target Support Files/Pods-GMPExample/Pods-GMPExample.debug.xcconfig"; sourceTree = "<group>"; };
		E2E1BB9E27F4391F003F0B5A /* libGMPExample.a */ = {isa = PBXFileReference; explicitFileType = archive.ar; includeInIndex = 0; path = libGMPExample.a; sourceTree = BUILT_PRODUCTS_DIR; };
		E2E1BBA127F4391F003F0B5A /* GMPExample.h */ = {isa = PBXFileReference; lastKnownFileType = sourcecode.c.h; path = GMPExample.h; sourceTree = "<group>"; };
		E2E1BBAA27F43F52003F0B5A /* GMPExample.mm */ = {isa = PBXFileReference; fileEncoding = 4; lastKnownFileType = sourcecode.cpp.objcpp; path = GMPExample.mm; sourceTree = "<group>"; };
/* End PBXFileReference section */

/* Begin PBXFrameworksBuildPhase section */
		E2E1BB9B27F4391F003F0B5A /* Frameworks */ = {
			isa = PBXFrameworksBuildPhase;
			buildActionMask = 2147483647;
			files = (
				E177F13EE7B1C70A56D4539F /* Pods_GMPExample.framework in Frameworks */,
			);
			runOnlyForDeploymentPostprocessing = 0;
		};
/* End PBXFrameworksBuildPhase section */

/* Begin PBXGroup section */
		3A997CECA068F363C305147F /* Frameworks */ = {
			isa = PBXGroup;
			children = (
				0A64BC36B7EF51A1668F8F1B /* Pods_GMPExample.framework */,
			);
			name = Frameworks;
			sourceTree = "<group>";
		};
		4B0424DB6D1AD430C0E4534B /* Pods */ = {
			isa = PBXGroup;
			children = (
				6DACE0AE1C271DBFE84FDAA1 /* Pods-GMPExample.debug.xcconfig */,
				1847B165F8CF484B40D450AF /* Pods-GMPExample.release.xcconfig */,
			);
			path = Pods;
			sourceTree = "<group>";
		};
		E2E1BB9527F4391F003F0B5A = {
			isa = PBXGroup;
			children = (
				E2E1BBA027F4391F003F0B5A /* GMPExample */,
				E2E1BB9F27F4391F003F0B5A /* Products */,
				4B0424DB6D1AD430C0E4534B /* Pods */,
				3A997CECA068F363C305147F /* Frameworks */,
			);
			sourceTree = "<group>";
		};
		E2E1BB9F27F4391F003F0B5A /* Products */ = {
			isa = PBXGroup;
			children = (
				E2E1BB9E27F4391F003F0B5A /* libGMPExample.a */,
			);
			name = Products;
			sourceTree = "<group>";
		};
		E2E1BBA027F4391F003F0B5A /* GMPExample */ = {
			isa = PBXGroup;
			children = (
				E2E1BBA127F4391F003F0B5A /* GMPExample.h */,
				E2E1BBAA27F43F52003F0B5A /* GMPExample.mm */,
			);
			path = GMPExample;
			sourceTree = "<group>";
		};
/* End PBXGroup section */

/* Begin PBXNativeTarget section */
		E2E1BB9D27F4391F003F0B5A /* GMPExample */ = {
			isa = PBXNativeTarget;
			buildConfigurationList = E2E1BBA727F4391F003F0B5A /* Build configuration list for PBXNativeTarget "GMPExample" */;
			buildPhases = (
				F7442E019E975CE3D1323DBC /* [CP] Check Pods Manifest.lock */,
				E2E1BB9A27F4391F003F0B5A /* Sources */,
				E2E1BB9B27F4391F003F0B5A /* Frameworks */,
				E2E1BB9C27F4391F003F0B5A /* CopyFiles */,
			);
			buildRules = (
			);
			dependencies = (
			);
			name = GMPExample;
			productName = GMPExample;
			productReference = E2E1BB9E27F4391F003F0B5A /* libGMPExample.a */;
			productType = "com.apple.product-type.library.static";
		};
/* End PBXNativeTarget section */

/* Begin PBXProject section */
		E2E1BB9627F4391F003F0B5A /* Project object */ = {
			isa = PBXProject;
			attributes = {
				BuildIndependentTargetsInParallel = 1;
				LastUpgradeCheck = 1330;
				TargetAttributes = {
					E2E1BB9D27F4391F003F0B5A = {
						CreatedOnToolsVersion = 13.3;
					};
				};
			};
			buildConfigurationList = E2E1BB9927F4391F003F0B5A /* Build configuration list for PBXProject "GMPExample" */;
			compatibilityVersion = "Xcode 13.0";
			developmentRegion = en;
			hasScannedForEncodings = 0;
			knownRegions = (
				en,
				Base,
			);
			mainGroup = E2E1BB9527F4391F003F0B5A;
			productRefGroup = E2E1BB9F27F4391F003F0B5A /* Products */;
			projectDirPath = "";
			projectRoot = "";
			targets = (
				E2E1BB9D27F4391F003F0B5A /* GMPExample */,
			);
		};
/* End PBXProject section */

/* Begin PBXShellScriptBuildPhase section */
		F7442E019E975CE3D1323DBC /* [CP] Check Pods Manifest.lock */ = {
			isa = PBXShellScriptBuildPhase;
			buildActionMask = 2147483647;
			files = (
			);
			inputFileListPaths = (
			);
			inputPaths = (
				"${PODS_PODFILE_DIR_PATH}/Podfile.lock",
				"${PODS_ROOT}/Manifest.lock",
			);
			name = "[CP] Check Pods Manifest.lock";
			outputFileListPaths = (
			);
			outputPaths = (
				"$(DERIVED_FILE_DIR)/Pods-GMPExample-checkManifestLockResult.txt",
			);
			runOnlyForDeploymentPostprocessing = 0;
			shellPath = /bin/sh;
			shellScript = "diff \"${PODS_PODFILE_DIR_PATH}/Podfile.lock\" \"${PODS_ROOT}/Manifest.lock\" > /dev/null\nif [ $? != 0 ] ; then\n    # print error to STDERR\n    echo \"error: The sandbox is not in sync with the Podfile.lock. Run 'pod install' or update your CocoaPods installation.\" >&2\n    exit 1\nfi\n# This output is used by Xcode 'outputs' to avoid re-running this script phase.\necho \"SUCCESS\" > \"${SCRIPT_OUTPUT_FILE_0}\"\n";
			showEnvVarsInLog = 0;
		};
/* End PBXShellScriptBuildPhase section */

/* Begin PBXSourcesBuildPhase section */
		E2E1BB9A27F4391F003F0B5A /* Sources */ = {
			isa = PBXSourcesBuildPhase;
			buildActionMask = 2147483647;
			files = (
				E2E1BBAB27F43F52003F0B5A /* GMPExample.mm in Sources */,
			);
			runOnlyForDeploymentPostprocessing = 0;
		};
/* End PBXSourcesBuildPhase section */

/* Begin XCBuildConfiguration section */
		E2E1BBA527F4391F003F0B5A /* Debug */ = {
			isa = XCBuildConfiguration;
			buildSettings = {
				ALWAYS_SEARCH_USER_PATHS = NO;
				CLANG_ANALYZER_NONNULL = YES;
				CLANG_ANALYZER_NUMBER_OBJECT_CONVERSION = YES_AGGRESSIVE;
				CLANG_CXX_LANGUAGE_STANDARD = "gnu++17";
				CLANG_ENABLE_MODULES = YES;
				CLANG_ENABLE_OBJC_ARC = YES;
				CLANG_ENABLE_OBJC_WEAK = YES;
				CLANG_WARN_BLOCK_CAPTURE_AUTORELEASING = YES;
				CLANG_WARN_BOOL_CONVERSION = YES;
				CLANG_WARN_COMMA = YES;
				CLANG_WARN_CONSTANT_CONVERSION = YES;
				CLANG_WARN_DEPRECATED_OBJC_IMPLEMENTATIONS = YES;
				CLANG_WARN_DIRECT_OBJC_ISA_USAGE = YES_ERROR;
				CLANG_WARN_DOCUMENTATION_COMMENTS = YES;
				CLANG_WARN_EMPTY_BODY = YES;
				CLANG_WARN_ENUM_CONVERSION = YES;
				CLANG_WARN_INFINITE_RECURSION = YES;
				CLANG_WARN_INT_CONVERSION = YES;
				CLANG_WARN_NON_LITERAL_NULL_CONVERSION = YES;
				CLANG_WARN_OBJC_IMPLICIT_RETAIN_SELF = YES;
				CLANG_WARN_OBJC_LITERAL_CONVERSION = YES;
				CLANG_WARN_OBJC_ROOT_CLASS = YES_ERROR;
				CLANG_WARN_QUOTED_INCLUDE_IN_FRAMEWORK_HEADER = YES;
				CLANG_WARN_RANGE_LOOP_ANALYSIS = YES;
				CLANG_WARN_STRICT_PROTOTYPES = YES;
				CLANG_WARN_SUSPICIOUS_MOVE = YES;
				CLANG_WARN_UNGUARDED_AVAILABILITY = YES_AGGRESSIVE;
				CLANG_WARN_UNREACHABLE_CODE = YES;
				CLANG_WARN__DUPLICATE_METHOD_MATCH = YES;
				COPY_PHASE_STRIP = NO;
				DEBUG_INFORMATION_FORMAT = dwarf;
				ENABLE_STRICT_OBJC_MSGSEND = YES;
				ENABLE_TESTABILITY = YES;
				GCC_C_LANGUAGE_STANDARD = gnu11;
				GCC_DYNAMIC_NO_PIC = NO;
				GCC_NO_COMMON_BLOCKS = YES;
				GCC_OPTIMIZATION_LEVEL = 0;
				GCC_PREPROCESSOR_DEFINITIONS = (
					"DEBUG=1",
					"$(inherited)",
				);
				GCC_WARN_64_TO_32_BIT_CONVERSION = YES;
				GCC_WARN_ABOUT_RETURN_TYPE = YES_ERROR;
				GCC_WARN_UNDECLARED_SELECTOR = YES;
				GCC_WARN_UNINITIALIZED_AUTOS = YES_AGGRESSIVE;
				GCC_WARN_UNUSED_FUNCTION = YES;
				GCC_WARN_UNUSED_VARIABLE = YES;
				IPHONEOS_DEPLOYMENT_TARGET = 15.4;
				MTL_ENABLE_DEBUG_INFO = INCLUDE_SOURCE;
				MTL_FAST_MATH = YES;
				ONLY_ACTIVE_ARCH = YES;
				SDKROOT = iphoneos;
			};
			name = Debug;
		};
		E2E1BBA627F4391F003F0B5A /* Release */ = {
			isa = XCBuildConfiguration;
			buildSettings = {
				ALWAYS_SEARCH_USER_PATHS = NO;
				CLANG_ANALYZER_NONNULL = YES;
				CLANG_ANALYZER_NUMBER_OBJECT_CONVERSION = YES_AGGRESSIVE;
				CLANG_CXX_LANGUAGE_STANDARD = "gnu++17";
				CLANG_ENABLE_MODULES = YES;
				CLANG_ENABLE_OBJC_ARC = YES;
				CLANG_ENABLE_OBJC_WEAK = YES;
				CLANG_WARN_BLOCK_CAPTURE_AUTORELEASING = YES;
				CLANG_WARN_BOOL_CONVERSION = YES;
				CLANG_WARN_COMMA = YES;
				CLANG_WARN_CONSTANT_CONVERSION = YES;
				CLANG_WARN_DEPRECATED_OBJC_IMPLEMENTATIONS = YES;
				CLANG_WARN_DIRECT_OBJC_ISA_USAGE = YES_ERROR;
				CLANG_WARN_DOCUMENTATION_COMMENTS = YES;
				CLANG_WARN_EMPTY_BODY = YES;
				CLANG_WARN_ENUM_CONVERSION = YES;
				CLANG_WARN_INFINITE_RECURSION = YES;
				CLANG_WARN_INT_CONVERSION = YES;
				CLANG_WARN_NON_LITERAL_NULL_CONVERSION = YES;
				CLANG_WARN_OBJC_IMPLICIT_RETAIN_SELF = YES;
				CLANG_WARN_OBJC_LITERAL_CONVERSION = YES;
				CLANG_WARN_OBJC_ROOT_CLASS = YES_ERROR;
				CLANG_WARN_QUOTED_INCLUDE_IN_FRAMEWORK_HEADER = YES;
				CLANG_WARN_RANGE_LOOP_ANALYSIS = YES;
				CLANG_WARN_STRICT_PROTOTYPES = YES;
				CLANG_WARN_SUSPICIOUS_MOVE = YES;
				CLANG_WARN_UNGUARDED_AVAILABILITY = YES_AGGRESSIVE;
				CLANG_WARN_UNREACHABLE_CODE = YES;
				CLANG_WARN__DUPLICATE_METHOD_MATCH = YES;
				COPY_PHASE_STRIP = NO;
				DEBUG_INFORMATION_FORMAT = "dwarf-with-dsym";
				ENABLE_NS_ASSERTIONS = NO;
				ENABLE_STRICT_OBJC_MSGSEND = YES;
				GCC_C_LANGUAGE_STANDARD = gnu11;
				GCC_NO_COMMON_BLOCKS = YES;
				GCC_WARN_64_TO_32_BIT_CONVERSION = YES;
				GCC_WARN_ABOUT_RETURN_TYPE = YES_ERROR;
				GCC_WARN_UNDECLARED_SELECTOR = YES;
				GCC_WARN_UNINITIALIZED_AUTOS = YES_AGGRESSIVE;
				GCC_WARN_UNUSED_FUNCTION = YES;
				GCC_WARN_UNUSED_VARIABLE = YES;
				IPHONEOS_DEPLOYMENT_TARGET = 15.4;
				MTL_ENABLE_DEBUG_INFO = NO;
				MTL_FAST_MATH = YES;
				SDKROOT = iphoneos;
				VALIDATE_PRODUCT = YES;
			};
			name = Release;
		};
		E2E1BBA827F4391F003F0B5A /* Debug */ = {
			isa = XCBuildConfiguration;
			baseConfigurationReference = 6DACE0AE1C271DBFE84FDAA1 /* Pods-GMPExample.debug.xcconfig */;
			buildSettings = {
				CODE_SIGN_STYLE = Automatic;
				OTHER_LDFLAGS = (
					"-ObjC",
					"$(inherited)",
				);
				PRODUCT_NAME = "$(TARGET_NAME)";
				SKIP_INSTALL = YES;
				TARGETED_DEVICE_FAMILY = "1,2";
			};
			name = Debug;
		};
		E2E1BBA927F4391F003F0B5A /* Release */ = {
			isa = XCBuildConfiguration;
			baseConfigurationReference = 1847B165F8CF484B40D450AF /* Pods-GMPExample.release.xcconfig */;
			buildSettings = {
				CODE_SIGN_STYLE = Automatic;
				OTHER_LDFLAGS = (
					"-ObjC",
					"$(inherited)",
				);
				PRODUCT_NAME = "$(TARGET_NAME)";
				SKIP_INSTALL = YES;
				TARGETED_DEVICE_FAMILY = "1,2";
			};
			name = Release;
		};
/* End XCBuildConfiguration section */

/* Begin XCConfigurationList section */
		E2E1BB9927F4391F003F0B5A /* Build configuration list for PBXProject "GMPExample" */ = {
			isa = XCConfigurationList;
			buildConfigurations = (
				E2E1BBA527F4391F003F0B5A /* Debug */,
				E2E1BBA627F4391F003F0B5A /* Release */,
			);
			defaultConfigurationIsVisible = 0;
			defaultConfigurationName = Release;
		};
		E2E1BBA727F4391F003F0B5A /* Build configuration list for PBXNativeTarget "GMPExample" */ = {
			isa = XCConfigurationList;
			buildConfigurations = (
				E2E1BBA827F4391F003F0B5A /* Debug */,
				E2E1BBA927F4391F003F0B5A /* Release */,
			);
			defaultConfigurationIsVisible = 0;
			defaultConfigurationName = Release;
		};
/* End XCConfigurationList section */
	};
	rootObject = E2E1BB9627F4391F003F0B5A /* Project object */;
}
